
Microsoft Visual Studio Solution File, Format Version 12.00
# Visual Studio Version 16
VisualStudioVersion = 16.0.33801.447
MinimumVisualStudioVersion = 10.0.40219.1
Project("{9A19103F-16F7-4668-BE54-9A1E7A4F7556}") = "HunkMod", "HunkProject\HunkMod.csproj", "{16C8121D-CA1F-4E84-AC18-079C31BCDCBE}"
EndProject
Global
	GlobalSection(SolutionConfigurationPlatforms) = preSolution
		Debug|Any CPU = Debug|Any CPU
		Release|Any CPU = Release|Any CPU
	EndGlobalSection
	GlobalSection(ProjectConfigurationPlatforms) = postSolution
		{16C8121D-CA1F-4E84-AC18-079C31BCDCBE}.Debug|Any CPU.ActiveCfg = Debug|Any CPU
		{16C8121D-CA1F-4E84-AC18-079C31BCDCBE}.Debug|Any CPU.Build.0 = Debug|Any CPU
		{16C8121D-CA1F-4E84-AC18-079C31BCDCBE}.Release|Any CPU.ActiveCfg = Release|Any CPU
		{16C8121D-CA1F-4E84-AC18-079C31BCDCBE}.Release|Any CPU.Build.0 = Release|Any CPU
	EndGlobalSection
	GlobalSection(SolutionProperties) = preSolution
		HideSolutionNode = FALSE
	EndGlobalSection
	GlobalSection(ExtensibilityGlobals) = postSolution
		SolutionGuid = {B9E7A02C-098E-48DF-8D3F-2FB9F9046553}
	EndGlobalSection
EndGlobal
